<?xml version="1.0" encoding="utf-8"?>
<Project ToolsVersion="4.0" xmlns="http://schemas.microsoft.com/developer/msbuild/2003">
  <ItemGroup>
    <Filter Include="Source Files">
      <UniqueIdentifier>{4FC737F1-C7A5-4376-A066-2A32D752A2FF}</UniqueIdentifier>
      <Extensions>cpp;c;cc;cxx;c++;cppm;ixx;def;odl;idl;hpj;bat;asm;asmx</Extensions>
    </Filter>
    <Filter Include="Header Files">
      <UniqueIdentifier>{93995380-89BD-4b04-88EB-625FBE52EBFB}</UniqueIdentifier>
      <Extensions>h;hh;hpp;hxx;h++;hm;inl;inc;ipp;xsd</Extensions>
    </Filter>
  </ItemGroup>
  <ItemGroup>
    <ClCompile Include="Materials\Post\PostBlur.cpp">
      <Filter>Source Files</Filter>
    </ClCompile>
    <ClCompile Include="Materials\Post\PostFog.cpp">
      <Filter>Source Files</Filter>
    </ClCompile>
    <ClCompile Include="Materials\BasicMaterial.cpp">
      <Filter>Source Files</Filter>
    </ClCompile>
    <ClCompile Include="Materials\BasicMaterial_Deferred.cpp">
      <Filter>Source Files</Filter>
    </ClCompile>
    <ClCompile Include="Materials\BasicMaterial_Deferred_Skinned.cpp">
      <Filter>Source Files</Filter>
    </ClCompile>
    <ClCompile Include="Materials\ColorMaterial.cpp">
      <Filter>Source Files</Filter>
    </ClCompile>
    <ClCompile Include="Prefabs\BoneObject.cpp">
      <Filter>Source Files</Filter>
    </ClCompile>
    <ClCompile Include="Prefabs\Character.cpp">
      <Filter>Source Files</Filter>
    </ClCompile>
    <ClCompile Include="Prefabs\CubePrefab.cpp">
      <Filter>Source Files</Filter>
    </ClCompile>
    <ClCompile Include="Prefabs\SpherePrefab.cpp">
      <Filter>Source Files</Filter>
    </ClCompile>
    <ClCompile Include="Prefabs\TorusPrefab.cpp">
      <Filter>Source Files</Filter>
    </ClCompile>
    <ClCompile Include="Main.cpp">
      <Filter>Source Files</Filter>
    </ClCompile>
    <ClCompile Include="MainGame.cpp">
      <Filter>Source Files</Filter>
    </ClCompile>
    <ClCompile Include="stdafx.cpp">
      <Filter>Source Files</Filter>
    </ClCompile>
    <ClCompile Include="Scenes\MainMenu.cpp">
      <Filter>Source Files</Filter>
    </ClCompile>
    <ClCompile Include="Materials\SkyMaterial.cpp">
      <Filter>Source Files</Filter>
    </ClCompile>
    <ClCompile Include="Scenes\AERGameScene.cpp">
      <Filter>Source Files</Filter>
    </ClCompile>
    <ClCompile Include="Materials\Post\PostBloom.cpp">
      <Filter>Source Files</Filter>
    </ClCompile>
    <ClCompile Include="Materials\Post\ToneMapMaterial.cpp">
      <Filter>Source Files</Filter>
    </ClCompile>
    <ClCompile Include="Materials\CloudMaterial.cpp">
      <Filter>Source Files</Filter>
    </ClCompile>
    <ClCompile Include="Prefabs\Pickable.cpp">
      <Filter>Source Files</Filter>
    </ClCompile>
    <ClCompile Include="Materials\CharacterMaterial.cpp">
      <Filter>Source Files</Filter>
    </ClCompile>
    <ClCompile Include="Materials\WaterMaterial.cpp">
      <Filter>Source Files</Filter>
    </ClCompile>
    <ClCompile Include="Prefabs\Animal.cpp">
      <Filter>Source Files</Filter>
    </ClCompile>
  </ItemGroup>
  <ItemGroup>
    <ClInclude Include="Materials\Post\PostBlur.h">
      <Filter>Header Files</Filter>
    </ClInclude>
    <ClInclude Include="Materials\Post\PostFog.h">
      <Filter>Header Files</Filter>
    </ClInclude>
    <ClInclude Include="Materials\BasicMaterial.h">
      <Filter>Header Files</Filter>
    </ClInclude>
    <ClInclude Include="Materials\BasicMaterial_Deferred.h">
      <Filter>Header Files</Filter>
    </ClInclude>
    <ClInclude Include="Materials\BasicMaterial_Deferred_Skinned.h">
      <Filter>Header Files</Filter>
    </ClInclude>
    <ClInclude Include="Materials\ColorMaterial.h">
      <Filter>Header Files</Filter>
    </ClInclude>
    <ClInclude Include="Prefabs\BoneObject.h">
      <Filter>Header Files</Filter>
    </ClInclude>
    <ClInclude Include="Prefabs\Character.h">
      <Filter>Header Files</Filter>
    </ClInclude>
    <ClInclude Include="Prefabs\CubePrefab.h">
      <Filter>Header Files</Filter>
    </ClInclude>
    <ClInclude Include="Prefabs\SpherePrefab.h">
      <Filter>Header Files</Filter>
    </ClInclude>
    <ClInclude Include="Prefabs\TorusPrefab.h">
      <Filter>Header Files</Filter>
    </ClInclude>
    <ClInclude Include="MainGame.h">
      <Filter>Header Files</Filter>
    </ClInclude>
    <ClInclude Include="stdafx.h">
      <Filter>Header Files</Filter>
    </ClInclude>
    <ClInclude Include="Scenes\MainMenu.h">
      <Filter>Header Files</Filter>
    </ClInclude>
    <ClInclude Include="Materials\SkyMaterial.h">
      <Filter>Header Files</Filter>
    </ClInclude>
    <ClInclude Include="Scenes\AERGameScene.h">
      <Filter>Header Files</Filter>
    </ClInclude>
    <ClInclude Include="Materials\Post\PostBloom.h">
      <Filter>Header Files</Filter>
    </ClInclude>
    <ClInclude Include="Materials\Post\ToneMapMaterial.h">
      <Filter>Header Files</Filter>
    </ClInclude>
    <ClInclude Include="Materials\CloudMaterial.h">
      <Filter>Header Files</Filter>
    </ClInclude>
    <ClInclude Include="Prefabs\Pickable.h">
      <Filter>Header Files</Filter>
    </ClInclude>
    <ClInclude Include="Materials\CharacterMaterial.h">
      <Filter>Header Files</Filter>
    </ClInclude>
    <ClInclude Include="Materials\WaterMaterial.h">
      <Filter>Header Files</Filter>
    </ClInclude>
    <ClInclude Include="Prefabs\Animal.h">
      <Filter>Header Files</Filter>
    </ClInclude>
  </ItemGroup>
</Project>